// !$*UTF8*$!
{
	archiveVersion = 1;
	classes = {
	};
	objectVersion = 46;
	objects = {

/* Begin PBXBuildFile section */
		34E40249BDC5BB6E384FC9B4 /* Pods_StockToolz.framework in Frameworks */ = {isa = PBXBuildFile; fileRef = F4AB1FDD77D1FB5783794635 /* Pods_StockToolz.framework */; };
		70956189D82E0931BC7077A7 /* Pods_StockToolzTests.framework in Frameworks */ = {isa = PBXBuildFile; fileRef = 49F63F47D0051F5E865883E8 /* Pods_StockToolzTests.framework */; };
		9E00549A1DC28AE800C784AF /* YahooCSVCrawler.swift in Sources */ = {isa = PBXBuildFile; fileRef = 9E0054991DC28AE800C784AF /* YahooCSVCrawler.swift */; };
		9E5A9A161DC7F1BC0062FD04 /* MovingAverageTrader.swift in Sources */ = {isa = PBXBuildFile; fileRef = 9E5A9A151DC7F1BC0062FD04 /* MovingAverageTrader.swift */; };
		9E5B730B1DC6248E00155AF1 /* StockExchangeDataInjector.swift in Sources */ = {isa = PBXBuildFile; fileRef = 9E5B730A1DC6248E00155AF1 /* StockExchangeDataInjector.swift */; };
		9E5B730D1DC629CF00155AF1 /* FocusedTimeRange.swift in Sources */ = {isa = PBXBuildFile; fileRef = 9E5B730C1DC629CF00155AF1 /* FocusedTimeRange.swift */; };
		9E5B730F1DC631D300155AF1 /* TradingTimeRange.swift in Sources */ = {isa = PBXBuildFile; fileRef = 9E5B730E1DC631D300155AF1 /* TradingTimeRange.swift */; };
		9E6B493A1DC56B60005A5848 /* LazyTrader.swift in Sources */ = {isa = PBXBuildFile; fileRef = 9E6B49391DC56B60005A5848 /* LazyTrader.swift */; };
		9E6B493C1DC56B90005A5848 /* StupidTrader.swift in Sources */ = {isa = PBXBuildFile; fileRef = 9E6B493B1DC56B90005A5848 /* StupidTrader.swift */; };
		9E6EEFA21DC20B3300C228D0 /* AppDelegate.swift in Sources */ = {isa = PBXBuildFile; fileRef = 9E6EEFA11DC20B3300C228D0 /* AppDelegate.swift */; };
		9E6EEFA41DC20B3300C228D0 /* Assets.xcassets in Resources */ = {isa = PBXBuildFile; fileRef = 9E6EEFA31DC20B3300C228D0 /* Assets.xcassets */; };
		9E6EEFA71DC20B3300C228D0 /* MainMenu.xib in Resources */ = {isa = PBXBuildFile; fileRef = 9E6EEFA51DC20B3300C228D0 /* MainMenu.xib */; };
		9E6EEFB21DC20B3300C228D0 /* StockToolzTests.swift in Sources */ = {isa = PBXBuildFile; fileRef = 9E6EEFB11DC20B3300C228D0 /* StockToolzTests.swift */; };
		9E6EEFBD1DC20BCE00C228D0 /* YahooCSVParser.swift in Sources */ = {isa = PBXBuildFile; fileRef = 9E6EEFBC1DC20BCE00C228D0 /* YahooCSVParser.swift */; };
		9EEA20111DC4CDB1008EB358 /* ChartView.swift in Sources */ = {isa = PBXBuildFile; fileRef = 9EEA20101DC4CDB1008EB358 /* ChartView.swift */; };
		9EEA20131DC53A31008EB358 /* Trader.swift in Sources */ = {isa = PBXBuildFile; fileRef = 9EEA20121DC53A31008EB358 /* Trader.swift */; };
		9EEA20151DC53F0C008EB358 /* StockExchange.swift in Sources */ = {isa = PBXBuildFile; fileRef = 9EEA20141DC53F0C008EB358 /* StockExchange.swift */; };
		9EEA20171DC55A18008EB358 /* Depot.swift in Sources */ = {isa = PBXBuildFile; fileRef = 9EEA20161DC55A18008EB358 /* Depot.swift */; };
		9EEA20191DC55D06008EB358 /* Statistics.swift in Sources */ = {isa = PBXBuildFile; fileRef = 9EEA20181DC55D06008EB358 /* Statistics.swift */; };
		9EEA201B1DC55E02008EB358 /* TraderPerformanceTest.swift in Sources */ = {isa = PBXBuildFile; fileRef = 9EEA201A1DC55E02008EB358 /* TraderPerformanceTest.swift */; };
/* End PBXBuildFile section */

/* Begin PBXContainerItemProxy section */
		9E6EEFAE1DC20B3300C228D0 /* PBXContainerItemProxy */ = {
			isa = PBXContainerItemProxy;
			containerPortal = 9E6EEF961DC20B3300C228D0 /* Project object */;
			proxyType = 1;
			remoteGlobalIDString = 9E6EEF9D1DC20B3300C228D0;
			remoteInfo = StockToolz;
		};
/* End PBXContainerItemProxy section */

/* Begin PBXFileReference section */
		052F2E03E6DE1920C8B58F4F /* Pods-StockToolzTests.debug.xcconfig */ = {isa = PBXFileReference; includeInIndex = 1; lastKnownFileType = text.xcconfig; name = "Pods-StockToolzTests.debug.xcconfig"; path = "Pods/Target Support Files/Pods-StockToolzTests/Pods-StockToolzTests.debug.xcconfig"; sourceTree = "<group>"; };
		49F63F47D0051F5E865883E8 /* Pods_StockToolzTests.framework */ = {isa = PBXFileReference; explicitFileType = wrapper.framework; includeInIndex = 0; path = Pods_StockToolzTests.framework; sourceTree = BUILT_PRODUCTS_DIR; };
		693E02738741539BA800D167 /* Pods-StockToolz.debug.xcconfig */ = {isa = PBXFileReference; includeInIndex = 1; lastKnownFileType = text.xcconfig; name = "Pods-StockToolz.debug.xcconfig"; path = "Pods/Target Support Files/Pods-StockToolz/Pods-StockToolz.debug.xcconfig"; sourceTree = "<group>"; };
		7769AF78642DAE3059ADF7AD /* Pods-StockToolz.release.xcconfig */ = {isa = PBXFileReference; includeInIndex = 1; lastKnownFileType = text.xcconfig; name = "Pods-StockToolz.release.xcconfig"; path = "Pods/Target Support Files/Pods-StockToolz/Pods-StockToolz.release.xcconfig"; sourceTree = "<group>"; };
		9E0054991DC28AE800C784AF /* YahooCSVCrawler.swift */ = {isa = PBXFileReference; fileEncoding = 4; lastKnownFileType = sourcecode.swift; name = YahooCSVCrawler.swift; path = StockToolz/YahooCSVCrawler.swift; sourceTree = "<group>"; };
		9E5A9A151DC7F1BC0062FD04 /* MovingAverageTrader.swift */ = {isa = PBXFileReference; fileEncoding = 4; lastKnownFileType = sourcecode.swift; name = MovingAverageTrader.swift; path = StockToolz/MovingAverageTrader.swift; sourceTree = "<group>"; };
		9E5B730A1DC6248E00155AF1 /* StockExchangeDataInjector.swift */ = {isa = PBXFileReference; fileEncoding = 4; lastKnownFileType = sourcecode.swift; name = StockExchangeDataInjector.swift; path = StockToolz/StockExchangeDataInjector.swift; sourceTree = "<group>"; };
		9E5B730C1DC629CF00155AF1 /* FocusedTimeRange.swift */ = {isa = PBXFileReference; fileEncoding = 4; lastKnownFileType = sourcecode.swift; name = FocusedTimeRange.swift; path = StockToolz/FocusedTimeRange.swift; sourceTree = "<group>"; };
		9E5B730E1DC631D300155AF1 /* TradingTimeRange.swift */ = {isa = PBXFileReference; fileEncoding = 4; lastKnownFileType = sourcecode.swift; name = TradingTimeRange.swift; path = StockToolz/TradingTimeRange.swift; sourceTree = "<group>"; };
		9E6B49391DC56B60005A5848 /* LazyTrader.swift */ = {isa = PBXFileReference; fileEncoding = 4; lastKnownFileType = sourcecode.swift; name = LazyTrader.swift; path = StockToolz/LazyTrader.swift; sourceTree = "<group>"; };
		9E6B493B1DC56B90005A5848 /* StupidTrader.swift */ = {isa = PBXFileReference; fileEncoding = 4; lastKnownFileType = sourcecode.swift; name = StupidTrader.swift; path = StockToolz/StupidTrader.swift; sourceTree = "<group>"; };
		9E6EEF9E1DC20B3300C228D0 /* StockToolz.app */ = {isa = PBXFileReference; explicitFileType = wrapper.application; includeInIndex = 0; path = StockToolz.app; sourceTree = BUILT_PRODUCTS_DIR; };
		9E6EEFA11DC20B3300C228D0 /* AppDelegate.swift */ = {isa = PBXFileReference; lastKnownFileType = sourcecode.swift; name = AppDelegate.swift; path = StockToolz/AppDelegate.swift; sourceTree = "<group>"; };
		9E6EEFA31DC20B3300C228D0 /* Assets.xcassets */ = {isa = PBXFileReference; lastKnownFileType = folder.assetcatalog; path = Assets.xcassets; sourceTree = "<group>"; };
		9E6EEFA61DC20B3300C228D0 /* Base */ = {isa = PBXFileReference; lastKnownFileType = file.xib; name = Base; path = Base.lproj/MainMenu.xib; sourceTree = "<group>"; };
		9E6EEFA81DC20B3300C228D0 /* Info.plist */ = {isa = PBXFileReference; lastKnownFileType = text.plist.xml; path = Info.plist; sourceTree = "<group>"; };
		9E6EEFAD1DC20B3300C228D0 /* StockToolzTests.xctest */ = {isa = PBXFileReference; explicitFileType = wrapper.cfbundle; includeInIndex = 0; path = StockToolzTests.xctest; sourceTree = BUILT_PRODUCTS_DIR; };
		9E6EEFB11DC20B3300C228D0 /* StockToolzTests.swift */ = {isa = PBXFileReference; lastKnownFileType = sourcecode.swift; path = StockToolzTests.swift; sourceTree = "<group>"; };
		9E6EEFB31DC20B3300C228D0 /* Info.plist */ = {isa = PBXFileReference; lastKnownFileType = text.plist.xml; path = Info.plist; sourceTree = "<group>"; };
		9E6EEFBC1DC20BCE00C228D0 /* YahooCSVParser.swift */ = {isa = PBXFileReference; fileEncoding = 4; lastKnownFileType = sourcecode.swift; name = YahooCSVParser.swift; path = StockToolz/YahooCSVParser.swift; sourceTree = "<group>"; };
		9EEA20101DC4CDB1008EB358 /* ChartView.swift */ = {isa = PBXFileReference; fileEncoding = 4; lastKnownFileType = sourcecode.swift; name = ChartView.swift; path = StockToolz/ChartView.swift; sourceTree = "<group>"; };
		9EEA20121DC53A31008EB358 /* Trader.swift */ = {isa = PBXFileReference; fileEncoding = 4; lastKnownFileType = sourcecode.swift; path = Trader.swift; sourceTree = "<group>"; };
		9EEA20141DC53F0C008EB358 /* StockExchange.swift */ = {isa = PBXFileReference; fileEncoding = 4; lastKnownFileType = sourcecode.swift; name = StockExchange.swift; path = StockToolz/StockExchange.swift; sourceTree = "<group>"; };
		9EEA20161DC55A18008EB358 /* Depot.swift */ = {isa = PBXFileReference; fileEncoding = 4; lastKnownFileType = sourcecode.swift; name = Depot.swift; path = StockToolz/Depot.swift; sourceTree = "<group>"; };
		9EEA20181DC55D06008EB358 /* Statistics.swift */ = {isa = PBXFileReference; fileEncoding = 4; lastKnownFileType = sourcecode.swift; name = Statistics.swift; path = StockToolz/Statistics.swift; sourceTree = "<group>"; };
		9EEA201A1DC55E02008EB358 /* TraderPerformanceTest.swift */ = {isa = PBXFileReference; fileEncoding = 4; lastKnownFileType = sourcecode.swift; name = TraderPerformanceTest.swift; path = StockToolz/TraderPerformanceTest.swift; sourceTree = "<group>"; };
		B89500D3C60ABAC4B42A86D5 /* Pods-StockToolzTests.release.xcconfig */ = {isa = PBXFileReference; includeInIndex = 1; lastKnownFileType = text.xcconfig; name = "Pods-StockToolzTests.release.xcconfig"; path = "Pods/Target Support Files/Pods-StockToolzTests/Pods-StockToolzTests.release.xcconfig"; sourceTree = "<group>"; };
		F4AB1FDD77D1FB5783794635 /* Pods_StockToolz.framework */ = {isa = PBXFileReference; explicitFileType = wrapper.framework; includeInIndex = 0; path = Pods_StockToolz.framework; sourceTree = BUILT_PRODUCTS_DIR; };
/* End PBXFileReference section */

/* Begin PBXFrameworksBuildPhase section */
		9E6EEF9B1DC20B3300C228D0 /* Frameworks */ = {
			isa = PBXFrameworksBuildPhase;
			buildActionMask = 2147483647;
			files = (
				34E40249BDC5BB6E384FC9B4 /* Pods_StockToolz.framework in Frameworks */,
			);
			runOnlyForDeploymentPostprocessing = 0;
		};
		9E6EEFAA1DC20B3300C228D0 /* Frameworks */ = {
			isa = PBXFrameworksBuildPhase;
			buildActionMask = 2147483647;
			files = (
				70956189D82E0931BC7077A7 /* Pods_StockToolzTests.framework in Frameworks */,
			);
			runOnlyForDeploymentPostprocessing = 0;
		};
/* End PBXFrameworksBuildPhase section */

/* Begin PBXGroup section */
		9E0054981DC28A4D00C784AF /* Code */ = {
			isa = PBXGroup;
			children = (
				9E6B49331DC566E4005A5848 /* Interface */,
				9E6B49351DC5676E005A5848 /* Use Cases */,
				9E6B49301DC565E0005A5848 /* Domain */,
			);
			name = Code;
			sourceTree = "<group>";
		};
		9E6B49301DC565E0005A5848 /* Domain */ = {
			isa = PBXGroup;
			children = (
				9E6B49321DC566C5005A5848 /* System */,
				9E6B49311DC566AB005A5848 /* Model */,
			);
			name = Domain;
			sourceTree = "<group>";
		};
		9E6B49311DC566AB005A5848 /* Model */ = {
			isa = PBXGroup;
			children = (
				9EEA20121DC53A31008EB358 /* Trader.swift */,
				9EEA20181DC55D06008EB358 /* Statistics.swift */,
				9EEA20161DC55A18008EB358 /* Depot.swift */,
				9EEA20141DC53F0C008EB358 /* StockExchange.swift */,
				9E5B730E1DC631D300155AF1 /* TradingTimeRange.swift */,
			);
			name = Model;
			sourceTree = "<group>";
		};
		9E6B49321DC566C5005A5848 /* System */ = {
			isa = PBXGroup;
			children = (
				9EEA20101DC4CDB1008EB358 /* ChartView.swift */,
				9E5B730A1DC6248E00155AF1 /* StockExchangeDataInjector.swift */,
				9E0054991DC28AE800C784AF /* YahooCSVCrawler.swift */,
				9E6EEFBC1DC20BCE00C228D0 /* YahooCSVParser.swift */,
			);
			name = System;
			sourceTree = "<group>";
		};
		9E6B49331DC566E4005A5848 /* Interface */ = {
			isa = PBXGroup;
			children = (
				9E6B49341DC56741005A5848 /* System */,
				9E6B49371DC5682D005A5848 /* Model */,
			);
			name = Interface;
			sourceTree = "<group>";
		};
		9E6B49341DC56741005A5848 /* System */ = {
			isa = PBXGroup;
			children = (
				9E6EEFA11DC20B3300C228D0 /* AppDelegate.swift */,
			);
			name = System;
			sourceTree = "<group>";
		};
		9E6B49351DC5676E005A5848 /* Use Cases */ = {
			isa = PBXGroup;
			children = (
				9E6B49361DC5677F005A5848 /* System */,
				9E6B49381DC56841005A5848 /* Model */,
			);
			name = "Use Cases";
			sourceTree = "<group>";
		};
		9E6B49361DC5677F005A5848 /* System */ = {
			isa = PBXGroup;
			children = (
			);
			name = System;
			sourceTree = "<group>";
		};
		9E6B49371DC5682D005A5848 /* Model */ = {
			isa = PBXGroup;
			children = (
			);
			name = Model;
			sourceTree = "<group>";
		};
		9E6B49381DC56841005A5848 /* Model */ = {
			isa = PBXGroup;
			children = (
				9EEA201A1DC55E02008EB358 /* TraderPerformanceTest.swift */,
				9E5A9A151DC7F1BC0062FD04 /* MovingAverageTrader.swift */,
				9E6B493B1DC56B90005A5848 /* StupidTrader.swift */,
				9E6B49391DC56B60005A5848 /* LazyTrader.swift */,
				9E5B730C1DC629CF00155AF1 /* FocusedTimeRange.swift */,
			);
			name = Model;
			sourceTree = "<group>";
		};
		9E6EEF951DC20B3300C228D0 = {
			isa = PBXGroup;
			children = (
				9E0054981DC28A4D00C784AF /* Code */,
				9E6EEFA01DC20B3300C228D0 /* StockToolz */,
				9E6EEFB01DC20B3300C228D0 /* StockToolzTests */,
				9E6EEF9F1DC20B3300C228D0 /* Products */,
				F888F472C28BA13EA50AC86E /* Pods */,
				E13E38135A9949921F004FAF /* Frameworks */,
			);
			sourceTree = "<group>";
		};
		9E6EEF9F1DC20B3300C228D0 /* Products */ = {
			isa = PBXGroup;
			children = (
				9E6EEF9E1DC20B3300C228D0 /* StockToolz.app */,
				9E6EEFAD1DC20B3300C228D0 /* StockToolzTests.xctest */,
			);
			name = Products;
			sourceTree = "<group>";
		};
		9E6EEFA01DC20B3300C228D0 /* StockToolz */ = {
			isa = PBXGroup;
			children = (
				9E6EEFA31DC20B3300C228D0 /* Assets.xcassets */,
				9E6EEFA51DC20B3300C228D0 /* MainMenu.xib */,
				9E6EEFA81DC20B3300C228D0 /* Info.plist */,
			);
			path = StockToolz;
			sourceTree = "<group>";
		};
		9E6EEFB01DC20B3300C228D0 /* StockToolzTests */ = {
			isa = PBXGroup;
			children = (
				9E6EEFB11DC20B3300C228D0 /* StockToolzTests.swift */,
				9E6EEFB31DC20B3300C228D0 /* Info.plist */,
			);
			path = StockToolzTests;
			sourceTree = "<group>";
		};
		E13E38135A9949921F004FAF /* Frameworks */ = {
			isa = PBXGroup;
			children = (
				F4AB1FDD77D1FB5783794635 /* Pods_StockToolz.framework */,
				49F63F47D0051F5E865883E8 /* Pods_StockToolzTests.framework */,
			);
			name = Frameworks;
			sourceTree = "<group>";
		};
		F888F472C28BA13EA50AC86E /* Pods */ = {
			isa = PBXGroup;
			children = (
				693E02738741539BA800D167 /* Pods-StockToolz.debug.xcconfig */,
				7769AF78642DAE3059ADF7AD /* Pods-StockToolz.release.xcconfig */,
				052F2E03E6DE1920C8B58F4F /* Pods-StockToolzTests.debug.xcconfig */,
				B89500D3C60ABAC4B42A86D5 /* Pods-StockToolzTests.release.xcconfig */,
			);
			name = Pods;
			sourceTree = "<group>";
		};
/* End PBXGroup section */

/* Begin PBXNativeTarget section */
		9E6EEF9D1DC20B3300C228D0 /* StockToolz */ = {
			isa = PBXNativeTarget;
			buildConfigurationList = 9E6EEFB61DC20B3300C228D0 /* Build configuration list for PBXNativeTarget "StockToolz" */;
			buildPhases = (
				0A5ED8ACC71AB9411EF7ECA7 /* [CP] Check Pods Manifest.lock */,
				9E6EEF9A1DC20B3300C228D0 /* Sources */,
				9E6EEF9B1DC20B3300C228D0 /* Frameworks */,
				9E6EEF9C1DC20B3300C228D0 /* Resources */,
				E42ABF3CEAF00FCAE0421FA3 /* [CP] Embed Pods Frameworks */,
			);
			buildRules = (
			);
			dependencies = (
			);
			name = StockToolz;
			productName = StockToolz;
			productReference = 9E6EEF9E1DC20B3300C228D0 /* StockToolz.app */;
			productType = "com.apple.product-type.application";
		};
		9E6EEFAC1DC20B3300C228D0 /* StockToolzTests */ = {
			isa = PBXNativeTarget;
			buildConfigurationList = 9E6EEFB91DC20B3300C228D0 /* Build configuration list for PBXNativeTarget "StockToolzTests" */;
			buildPhases = (
				641FAC6545D66626BC2C7B00 /* [CP] Check Pods Manifest.lock */,
				9E6EEFA91DC20B3300C228D0 /* Sources */,
				9E6EEFAA1DC20B3300C228D0 /* Frameworks */,
				9E6EEFAB1DC20B3300C228D0 /* Resources */,
			);
			buildRules = (
			);
			dependencies = (
				9E6EEFAF1DC20B3300C228D0 /* PBXTargetDependency */,
			);
			name = StockToolzTests;
			productName = StockToolzTests;
			productReference = 9E6EEFAD1DC20B3300C228D0 /* StockToolzTests.xctest */;
			productType = "com.apple.product-type.bundle.unit-test";
		};
/* End PBXNativeTarget section */

/* Begin PBXProject section */
		9E6EEF961DC20B3300C228D0 /* Project object */ = {
			isa = PBXProject;
			attributes = {
				LastSwiftUpdateCheck = 0800;
				LastUpgradeCheck = 1200;
				ORGANIZATIONNAME = Flowtoolz;
				TargetAttributes = {
					9E6EEF9D1DC20B3300C228D0 = {
						CreatedOnToolsVersion = 8.0;
						DevelopmentTeam = 8T3R57GCBV;
						ProvisioningStyle = Automatic;
					};
					9E6EEFAC1DC20B3300C228D0 = {
						CreatedOnToolsVersion = 8.0;
						DevelopmentTeam = 8T3R57GCBV;
						ProvisioningStyle = Automatic;
						TestTargetID = 9E6EEF9D1DC20B3300C228D0;
					};
				};
			};
			buildConfigurationList = 9E6EEF991DC20B3300C228D0 /* Build configuration list for PBXProject "StockToolz" */;
			compatibilityVersion = "Xcode 3.2";
			developmentRegion = English;
			hasScannedForEncodings = 0;
			knownRegions = (
				English,
				en,
				Base,
			);
			mainGroup = 9E6EEF951DC20B3300C228D0;
			productRefGroup = 9E6EEF9F1DC20B3300C228D0 /* Products */;
			projectDirPath = "";
			projectRoot = "";
			targets = (
				9E6EEF9D1DC20B3300C228D0 /* StockToolz */,
				9E6EEFAC1DC20B3300C228D0 /* StockToolzTests */,
			);
		};
/* End PBXProject section */

/* Begin PBXResourcesBuildPhase section */
		9E6EEF9C1DC20B3300C228D0 /* Resources */ = {
			isa = PBXResourcesBuildPhase;
			buildActionMask = 2147483647;
			files = (
				9E6EEFA41DC20B3300C228D0 /* Assets.xcassets in Resources */,
				9E6EEFA71DC20B3300C228D0 /* MainMenu.xib in Resources */,
			);
			runOnlyForDeploymentPostprocessing = 0;
		};
		9E6EEFAB1DC20B3300C228D0 /* Resources */ = {
			isa = PBXResourcesBuildPhase;
			buildActionMask = 2147483647;
			files = (
			);
			runOnlyForDeploymentPostprocessing = 0;
		};
/* End PBXResourcesBuildPhase section */

/* Begin PBXShellScriptBuildPhase section */
		0A5ED8ACC71AB9411EF7ECA7 /* [CP] Check Pods Manifest.lock */ = {
			isa = PBXShellScriptBuildPhase;
			buildActionMask = 2147483647;
			files = (
			);
			inputPaths = (
				"${PODS_PODFILE_DIR_PATH}/Podfile.lock",
				"${PODS_ROOT}/Manifest.lock",
			);
			name = "[CP] Check Pods Manifest.lock";
			outputPaths = (
				"$(DERIVED_FILE_DIR)/Pods-StockToolz-checkManifestLockResult.txt",
			);
			runOnlyForDeploymentPostprocessing = 0;
			shellPath = /bin/sh;
			shellScript = "diff \"${PODS_PODFILE_DIR_PATH}/Podfile.lock\" \"${PODS_ROOT}/Manifest.lock\" > /dev/null\nif [ $? != 0 ] ; then\n    # print error to STDERR\n    echo \"error: The sandbox is not in sync with the Podfile.lock. Run 'pod install' or update your CocoaPods installation.\" >&2\n    exit 1\nfi\n# This output is used by Xcode 'outputs' to avoid re-running this script phase.\necho \"SUCCESS\" > \"${SCRIPT_OUTPUT_FILE_0}\"\n";
			showEnvVarsInLog = 0;
		};
		641FAC6545D66626BC2C7B00 /* [CP] Check Pods Manifest.lock */ = {
			isa = PBXShellScriptBuildPhase;
			buildActionMask = 2147483647;
			files = (
			);
			inputPaths = (
				"${PODS_PODFILE_DIR_PATH}/Podfile.lock",
				"${PODS_ROOT}/Manifest.lock",
			);
			name = "[CP] Check Pods Manifest.lock";
			outputPaths = (
				"$(DERIVED_FILE_DIR)/Pods-StockToolzTests-checkManifestLockResult.txt",
			);
			runOnlyForDeploymentPostprocessing = 0;
			shellPath = /bin/sh;
			shellScript = "diff \"${PODS_PODFILE_DIR_PATH}/Podfile.lock\" \"${PODS_ROOT}/Manifest.lock\" > /dev/null\nif [ $? != 0 ] ; then\n    # print error to STDERR\n    echo \"error: The sandbox is not in sync with the Podfile.lock. Run 'pod install' or update your CocoaPods installation.\" >&2\n    exit 1\nfi\n# This output is used by Xcode 'outputs' to avoid re-running this script phase.\necho \"SUCCESS\" > \"${SCRIPT_OUTPUT_FILE_0}\"\n";
			showEnvVarsInLog = 0;
		};
		E42ABF3CEAF00FCAE0421FA3 /* [CP] Embed Pods Frameworks */ = {
			isa = PBXShellScriptBuildPhase;
			buildActionMask = 2147483647;
			files = (
			);
			inputPaths = (
				"${PODS_ROOT}/Target Support Files/Pods-StockToolz/Pods-StockToolz-frameworks.sh",
				"${BUILT_PRODUCTS_DIR}/Alamofire/Alamofire.framework",
				"${BUILT_PRODUCTS_DIR}/PureLayout/PureLayout.framework",
			);
			name = "[CP] Embed Pods Frameworks";
			outputPaths = (
				"${TARGET_BUILD_DIR}/${FRAMEWORKS_FOLDER_PATH}/Alamofire.framework",
				"${TARGET_BUILD_DIR}/${FRAMEWORKS_FOLDER_PATH}/PureLayout.framework",
			);
			runOnlyForDeploymentPostprocessing = 0;
			shellPath = /bin/sh;
			shellScript = "\"${PODS_ROOT}/Target Support Files/Pods-StockToolz/Pods-StockToolz-frameworks.sh\"\n";
			showEnvVarsInLog = 0;
		};
/* End PBXShellScriptBuildPhase section */

/* Begin PBXSourcesBuildPhase section */
		9E6EEF9A1DC20B3300C228D0 /* Sources */ = {
			isa = PBXSourcesBuildPhase;
			buildActionMask = 2147483647;
			files = (
				9E6EEFBD1DC20BCE00C228D0 /* YahooCSVParser.swift in Sources */,
				9E5B730B1DC6248E00155AF1 /* StockExchangeDataInjector.swift in Sources */,
				9E5B730F1DC631D300155AF1 /* TradingTimeRange.swift in Sources */,
				9EEA201B1DC55E02008EB358 /* TraderPerformanceTest.swift in Sources */,
				9EEA20131DC53A31008EB358 /* Trader.swift in Sources */,
				9EEA20171DC55A18008EB358 /* Depot.swift in Sources */,
				9E5B730D1DC629CF00155AF1 /* FocusedTimeRange.swift in Sources */,
				9E00549A1DC28AE800C784AF /* YahooCSVCrawler.swift in Sources */,
				9E6EEFA21DC20B3300C228D0 /* AppDelegate.swift in Sources */,
				9EEA20111DC4CDB1008EB358 /* ChartView.swift in Sources */,
				9E5A9A161DC7F1BC0062FD04 /* MovingAverageTrader.swift in Sources */,
				9EEA20151DC53F0C008EB358 /* StockExchange.swift in Sources */,
				9EEA20191DC55D06008EB358 /* Statistics.swift in Sources */,
				9E6B493C1DC56B90005A5848 /* StupidTrader.swift in Sources */,
				9E6B493A1DC56B60005A5848 /* LazyTrader.swift in Sources */,
			);
			runOnlyForDeploymentPostprocessing = 0;
		};
		9E6EEFA91DC20B3300C228D0 /* Sources */ = {
			isa = PBXSourcesBuildPhase;
			buildActionMask = 2147483647;
			files = (
				9E6EEFB21DC20B3300C228D0 /* StockToolzTests.swift in Sources */,
			);
			runOnlyForDeploymentPostprocessing = 0;
		};
/* End PBXSourcesBuildPhase section */

/* Begin PBXTargetDependency section */
		9E6EEFAF1DC20B3300C228D0 /* PBXTargetDependency */ = {
			isa = PBXTargetDependency;
			target = 9E6EEF9D1DC20B3300C228D0 /* StockToolz */;
			targetProxy = 9E6EEFAE1DC20B3300C228D0 /* PBXContainerItemProxy */;
		};
/* End PBXTargetDependency section */

/* Begin PBXVariantGroup section */
		9E6EEFA51DC20B3300C228D0 /* MainMenu.xib */ = {
			isa = PBXVariantGroup;
			children = (
				9E6EEFA61DC20B3300C228D0 /* Base */,
			);
			name = MainMenu.xib;
			sourceTree = "<group>";
		};
/* End PBXVariantGroup section */

/* Begin XCBuildConfiguration section */
		9E6EEFB41DC20B3300C228D0 /* Debug */ = {
			isa = XCBuildConfiguration;
			buildSettings = {
				ALWAYS_SEARCH_USER_PATHS = NO;
				CLANG_ANALYZER_LOCALIZABILITY_NONLOCALIZED = YES;
				CLANG_ANALYZER_NONNULL = YES;
				CLANG_CXX_LANGUAGE_STANDARD = "gnu++0x";
				CLANG_CXX_LIBRARY = "libc++";
				CLANG_ENABLE_MODULES = YES;
				CLANG_ENABLE_OBJC_ARC = YES;
				CLANG_WARN_BLOCK_CAPTURE_AUTORELEASING = YES;
				CLANG_WARN_BOOL_CONVERSION = YES;
				CLANG_WARN_COMMA = YES;
				CLANG_WARN_CONSTANT_CONVERSION = YES;
				CLANG_WARN_DEPRECATED_OBJC_IMPLEMENTATIONS = YES;
				CLANG_WARN_DIRECT_OBJC_ISA_USAGE = YES_ERROR;
				CLANG_WARN_DOCUMENTATION_COMMENTS = YES;
				CLANG_WARN_EMPTY_BODY = YES;
				CLANG_WARN_ENUM_CONVERSION = YES;
				CLANG_WARN_INFINITE_RECURSION = YES;
				CLANG_WARN_INT_CONVERSION = YES;
				CLANG_WARN_NON_LITERAL_NULL_CONVERSION = YES;
				CLANG_WARN_OBJC_IMPLICIT_RETAIN_SELF = YES;
				CLANG_WARN_OBJC_LITERAL_CONVERSION = YES;
				CLANG_WARN_OBJC_ROOT_CLASS = YES_ERROR;
				CLANG_WARN_QUOTED_INCLUDE_IN_FRAMEWORK_HEADER = YES;
				CLANG_WARN_RANGE_LOOP_ANALYSIS = YES;
				CLANG_WARN_STRICT_PROTOTYPES = YES;
				CLANG_WARN_SUSPICIOUS_MOVE = YES;
				CLANG_WARN_SUSPICIOUS_MOVES = YES;
				CLANG_WARN_UNREACHABLE_CODE = YES;
				CLANG_WARN__DUPLICATE_METHOD_MATCH = YES;
				CODE_SIGN_IDENTITY = "-";
				COPY_PHASE_STRIP = NO;
				DEBUG_INFORMATION_FORMAT = dwarf;
				ENABLE_STRICT_OBJC_MSGSEND = YES;
				ENABLE_TESTABILITY = YES;
				GCC_C_LANGUAGE_STANDARD = gnu99;
				GCC_DYNAMIC_NO_PIC = NO;
				GCC_NO_COMMON_BLOCKS = YES;
				GCC_OPTIMIZATION_LEVEL = 0;
				GCC_PREPROCESSOR_DEFINITIONS = (
					"DEBUG=1",
					"$(inherited)",
				);
				GCC_WARN_64_TO_32_BIT_CONVERSION = YES;
				GCC_WARN_ABOUT_RETURN_TYPE = YES_ERROR;
				GCC_WARN_UNDECLARED_SELECTOR = YES;
				GCC_WARN_UNINITIALIZED_AUTOS = YES_AGGRESSIVE;
				GCC_WARN_UNUSED_FUNCTION = YES;
				GCC_WARN_UNUSED_VARIABLE = YES;
				MACOSX_DEPLOYMENT_TARGET = 10.12;
				MTL_ENABLE_DEBUG_INFO = YES;
				ONLY_ACTIVE_ARCH = YES;
				SDKROOT = macosx;
				SWIFT_ACTIVE_COMPILATION_CONDITIONS = DEBUG;
				SWIFT_OPTIMIZATION_LEVEL = "-Onone";
				SWIFT_VERSION = 5.0;
			};
			name = Debug;
		};
		9E6EEFB51DC20B3300C228D0 /* Release */ = {
			isa = XCBuildConfiguration;
			buildSettings = {
				ALWAYS_SEARCH_USER_PATHS = NO;
				CLANG_ANALYZER_LOCALIZABILITY_NONLOCALIZED = YES;
				CLANG_ANALYZER_NONNULL = YES;
				CLANG_CXX_LANGUAGE_STANDARD = "gnu++0x";
				CLANG_CXX_LIBRARY = "libc++";
				CLANG_ENABLE_MODULES = YES;
				CLANG_ENABLE_OBJC_ARC = YES;
				CLANG_WARN_BLOCK_CAPTURE_AUTORELEASING = YES;
				CLANG_WARN_BOOL_CONVERSION = YES;
				CLANG_WARN_COMMA = YES;
				CLANG_WARN_CONSTANT_CONVERSION = YES;
				CLANG_WARN_DEPRECATED_OBJC_IMPLEMENTATIONS = YES;
				CLANG_WARN_DIRECT_OBJC_ISA_USAGE = YES_ERROR;
				CLANG_WARN_DOCUMENTATION_COMMENTS = YES;
				CLANG_WARN_EMPTY_BODY = YES;
				CLANG_WARN_ENUM_CONVERSION = YES;
				CLANG_WARN_INFINITE_RECURSION = YES;
				CLANG_WARN_INT_CONVERSION = YES;
				CLANG_WARN_NON_LITERAL_NULL_CONVERSION = YES;
				CLANG_WARN_OBJC_IMPLICIT_RETAIN_SELF = YES;
				CLANG_WARN_OBJC_LITERAL_CONVERSION = YES;
				CLANG_WARN_OBJC_ROOT_CLASS = YES_ERROR;
				CLANG_WARN_QUOTED_INCLUDE_IN_FRAMEWORK_HEADER = YES;
				CLANG_WARN_RANGE_LOOP_ANALYSIS = YES;
				CLANG_WARN_STRICT_PROTOTYPES = YES;
				CLANG_WARN_SUSPICIOUS_MOVE = YES;
				CLANG_WARN_SUSPICIOUS_MOVES = YES;
				CLANG_WARN_UNREACHABLE_CODE = YES;
				CLANG_WARN__DUPLICATE_METHOD_MATCH = YES;
				CODE_SIGN_IDENTITY = "-";
				COPY_PHASE_STRIP = NO;
				DEBUG_INFORMATION_FORMAT = "dwarf-with-dsym";
				ENABLE_NS_ASSERTIONS = NO;
				ENABLE_STRICT_OBJC_MSGSEND = YES;
				GCC_C_LANGUAGE_STANDARD = gnu99;
				GCC_NO_COMMON_BLOCKS = YES;
				GCC_WARN_64_TO_32_BIT_CONVERSION = YES;
				GCC_WARN_ABOUT_RETURN_TYPE = YES_ERROR;
				GCC_WARN_UNDECLARED_SELECTOR = YES;
				GCC_WARN_UNINITIALIZED_AUTOS = YES_AGGRESSIVE;
				GCC_WARN_UNUSED_FUNCTION = YES;
				GCC_WARN_UNUSED_VARIABLE = YES;
				MACOSX_DEPLOYMENT_TARGET = 10.12;
				MTL_ENABLE_DEBUG_INFO = NO;
				SDKROOT = macosx;
				SWIFT_OPTIMIZATION_LEVEL = "-Owholemodule";
				SWIFT_VERSION = 5.0;
			};
			name = Release;
		};
		9E6EEFB71DC20B3300C228D0 /* Debug */ = {
			isa = XCBuildConfiguration;
			baseConfigurationReference = 693E02738741539BA800D167 /* Pods-StockToolz.debug.xcconfig */;
			buildSettings = {
				ASSETCATALOG_COMPILER_APPICON_NAME = AppIcon;
				CODE_SIGN_IDENTITY = "-";
				COMBINE_HIDPI_IMAGES = YES;
				DEVELOPMENT_TEAM = 8T3R57GCBV;
				INFOPLIST_FILE = StockToolz/Info.plist;
				LD_RUNPATH_SEARCH_PATHS = "$(inherited) @executable_path/../Frameworks";
				PRODUCT_BUNDLE_IDENTIFIER = com.flowtoolz.StockToolz;
				PRODUCT_NAME = "$(TARGET_NAME)";
				SWIFT_VERSION = 5.0;
			};
			name = Debug;
		};
		9E6EEFB81DC20B3300C228D0 /* Release */ = {
			isa = XCBuildConfiguration;
			baseConfigurationReference = 7769AF78642DAE3059ADF7AD /* Pods-StockToolz.release.xcconfig */;
			buildSettings = {
				ASSETCATALOG_COMPILER_APPICON_NAME = AppIcon;
				CODE_SIGN_IDENTITY = "-";
				COMBINE_HIDPI_IMAGES = YES;
				DEVELOPMENT_TEAM = 8T3R57GCBV;
				INFOPLIST_FILE = StockToolz/Info.plist;
				LD_RUNPATH_SEARCH_PATHS = "$(inherited) @executable_path/../Frameworks";
				PRODUCT_BUNDLE_IDENTIFIER = com.flowtoolz.StockToolz;
				PRODUCT_NAME = "$(TARGET_NAME)";
				SWIFT_VERSION = 5.0;
			};
			name = Release;
		};
		9E6EEFBA1DC20B3300C228D0 /* Debug */ = {
			isa = XCBuildConfiguration;
			baseConfigurationReference = 052F2E03E6DE1920C8B58F4F /* Pods-StockToolzTests.debug.xcconfig */;
			buildSettings = {
				ALWAYS_EMBED_SWIFT_STANDARD_LIBRARIES = YES;
				BUNDLE_LOADER = "$(TEST_HOST)";
				COMBINE_HIDPI_IMAGES = YES;
				DEVELOPMENT_TEAM = 8T3R57GCBV;
				INFOPLIST_FILE = StockToolzTests/Info.plist;
				LD_RUNPATH_SEARCH_PATHS = "$(inherited) @executable_path/../Frameworks @loader_path/../Frameworks";
				PRODUCT_BUNDLE_IDENTIFIER = com.flowtoolz.StockToolzTests;
				PRODUCT_NAME = "$(TARGET_NAME)";
				SWIFT_VERSION = 5.0;
				TEST_HOST = "$(BUILT_PRODUCTS_DIR)/StockToolz.app/Contents/MacOS/StockToolz";
			};
			name = Debug;
		};
		9E6EEFBB1DC20B3300C228D0 /* Release */ = {
			isa = XCBuildConfiguration;
			baseConfigurationReference = B89500D3C60ABAC4B42A86D5 /* Pods-StockToolzTests.release.xcconfig */;
			buildSettings = {
				ALWAYS_EMBED_SWIFT_STANDARD_LIBRARIES = YES;
				BUNDLE_LOADER = "$(TEST_HOST)";
				COMBINE_HIDPI_IMAGES = YES;
				DEVELOPMENT_TEAM = 8T3R57GCBV;
				INFOPLIST_FILE = StockToolzTests/Info.plist;
				LD_RUNPATH_SEARCH_PATHS = "$(inherited) @executable_path/../Frameworks @loader_path/../Frameworks";
				PRODUCT_BUNDLE_IDENTIFIER = com.flowtoolz.StockToolzTests;
				PRODUCT_NAME = "$(TARGET_NAME)";
				SWIFT_VERSION = 5.0;
				TEST_HOST = "$(BUILT_PRODUCTS_DIR)/StockToolz.app/Contents/MacOS/StockToolz";
			};
			name = Release;
		};
/* End XCBuildConfiguration section */

/* Begin XCConfigurationList section */
		9E6EEF991DC20B3300C228D0 /* Build configuration list for PBXProject "StockToolz" */ = {
			isa = XCConfigurationList;
			buildConfigurations = (
				9E6EEFB41DC20B3300C228D0 /* Debug */,
				9E6EEFB51DC20B3300C228D0 /* Release */,
			);
			defaultConfigurationIsVisible = 0;
			defaultConfigurationName = Release;
		};
		9E6EEFB61DC20B3300C228D0 /* Build configuration list for PBXNativeTarget "StockToolz" */ = {
			isa = XCConfigurationList;
			buildConfigurations = (
				9E6EEFB71DC20B3300C228D0 /* Debug */,
				9E6EEFB81DC20B3300C228D0 /* Release */,
			);
			defaultConfigurationIsVisible = 0;
			defaultConfigurationName = Release;
		};
		9E6EEFB91DC20B3300C228D0 /* Build configuration list for PBXNativeTarget "StockToolzTests" */ = {
			isa = XCConfigurationList;
			buildConfigurations = (
				9E6EEFBA1DC20B3300C228D0 /* Debug */,
				9E6EEFBB1DC20B3300C228D0 /* Release */,
			);
			defaultConfigurationIsVisible = 0;
			defaultConfigurationName = Release;
		};
/* End XCConfigurationList section */
	};
	rootObject = 9E6EEF961DC20B3300C228D0 /* Project object */;
}
