// !$*UTF8*$!
{
	archiveVersion = 1;
	classes = {
	};
	objectVersion = 52;
	objects = {

/* Begin PBXBuildFile section */
		963CBD8B25277BC500FF4916 /* GetLaid in Frameworks */ = {isa = PBXBuildFile; productRef = 963CBD8A25277BC500FF4916 /* GetLaid */; };
		96548867252785CF00262C17 /* SwiftyToolz in Frameworks */ = {isa = PBXBuildFile; productRef = 96548866252785CF00262C17 /* SwiftyToolz */; };
		9654886E2527893A00262C17 /* SwiftObserver in Frameworks */ = {isa = PBXBuildFile; productRef = 9654886D2527893A00262C17 /* SwiftObserver */; };
		9679E62E25278B1B0071CE55 /* FoundationToolz in Frameworks */ = {isa = PBXBuildFile; productRef = 9679E62D25278B1B0071CE55 /* FoundationToolz */; };
		9689CE2F252791BB00C7B2FA /* UIToolz in Frameworks */ = {isa = PBXBuildFile; productRef = 9689CE2E252791BB00C7B2FA /* UIToolz */; };
		96952C6325279FD900F202C8 /* main.swift in Sources */ = {isa = PBXBuildFile; fileRef = 96952C6225279FD900F202C8 /* main.swift */; };
		96952C672527A01000F202C8 /* StockToolzController.swift in Sources */ = {isa = PBXBuildFile; fileRef = 96952C662527A01000F202C8 /* StockToolzController.swift */; };
		96952C6D2527A0E000F202C8 /* StockToolzView.swift in Sources */ = {isa = PBXBuildFile; fileRef = 96952C6C2527A0E000F202C8 /* StockToolzView.swift */; };
		9E00549A1DC28AE800C784AF /* YahooCSVCrawler.swift in Sources */ = {isa = PBXBuildFile; fileRef = 9E0054991DC28AE800C784AF /* YahooCSVCrawler.swift */; };
		9E5A9A161DC7F1BC0062FD04 /* MovingAverageTrader.swift in Sources */ = {isa = PBXBuildFile; fileRef = 9E5A9A151DC7F1BC0062FD04 /* MovingAverageTrader.swift */; };
		9E5B730B1DC6248E00155AF1 /* StockExchangeDataInjector.swift in Sources */ = {isa = PBXBuildFile; fileRef = 9E5B730A1DC6248E00155AF1 /* StockExchangeDataInjector.swift */; };
		9E5B730D1DC629CF00155AF1 /* FocusedTimeRange.swift in Sources */ = {isa = PBXBuildFile; fileRef = 9E5B730C1DC629CF00155AF1 /* FocusedTimeRange.swift */; };
		9E5B730F1DC631D300155AF1 /* TradingTimeRange.swift in Sources */ = {isa = PBXBuildFile; fileRef = 9E5B730E1DC631D300155AF1 /* TradingTimeRange.swift */; };
		9E6B493A1DC56B60005A5848 /* LazyTrader.swift in Sources */ = {isa = PBXBuildFile; fileRef = 9E6B49391DC56B60005A5848 /* LazyTrader.swift */; };
		9E6B493C1DC56B90005A5848 /* StupidTrader.swift in Sources */ = {isa = PBXBuildFile; fileRef = 9E6B493B1DC56B90005A5848 /* StupidTrader.swift */; };
		9E6EEFA41DC20B3300C228D0 /* Assets.xcassets in Resources */ = {isa = PBXBuildFile; fileRef = 9E6EEFA31DC20B3300C228D0 /* Assets.xcassets */; };
		9E6EEFB21DC20B3300C228D0 /* StockToolzTests.swift in Sources */ = {isa = PBXBuildFile; fileRef = 9E6EEFB11DC20B3300C228D0 /* StockToolzTests.swift */; };
		9E6EEFBD1DC20BCE00C228D0 /* YahooCSVParser.swift in Sources */ = {isa = PBXBuildFile; fileRef = 9E6EEFBC1DC20BCE00C228D0 /* YahooCSVParser.swift */; };
		9EEA20111DC4CDB1008EB358 /* ChartView.swift in Sources */ = {isa = PBXBuildFile; fileRef = 9EEA20101DC4CDB1008EB358 /* ChartView.swift */; };
		9EEA20131DC53A31008EB358 /* Trader.swift in Sources */ = {isa = PBXBuildFile; fileRef = 9EEA20121DC53A31008EB358 /* Trader.swift */; };
		9EEA20151DC53F0C008EB358 /* StockExchange.swift in Sources */ = {isa = PBXBuildFile; fileRef = 9EEA20141DC53F0C008EB358 /* StockExchange.swift */; };
		9EEA20171DC55A18008EB358 /* Depot.swift in Sources */ = {isa = PBXBuildFile; fileRef = 9EEA20161DC55A18008EB358 /* Depot.swift */; };
		9EEA20191DC55D06008EB358 /* Statistics.swift in Sources */ = {isa = PBXBuildFile; fileRef = 9EEA20181DC55D06008EB358 /* Statistics.swift */; };
		9EEA201B1DC55E02008EB358 /* TraderPerformanceTest.swift in Sources */ = {isa = PBXBuildFile; fileRef = 9EEA201A1DC55E02008EB358 /* TraderPerformanceTest.swift */; };
/* End PBXBuildFile section */

/* Begin PBXContainerItemProxy section */
		9E6EEFAE1DC20B3300C228D0 /* PBXContainerItemProxy */ = {
			isa = PBXContainerItemProxy;
			containerPortal = 9E6EEF961DC20B3300C228D0 /* Project object */;
			proxyType = 1;
			remoteGlobalIDString = 9E6EEF9D1DC20B3300C228D0;
			remoteInfo = StockToolz;
		};
/* End PBXContainerItemProxy section */

/* Begin PBXFileReference section */
		96952C6225279FD900F202C8 /* main.swift */ = {isa = PBXFileReference; lastKnownFileType = sourcecode.swift; path = main.swift; sourceTree = "<group>"; };
		96952C662527A01000F202C8 /* StockToolzController.swift */ = {isa = PBXFileReference; lastKnownFileType = sourcecode.swift; path = StockToolzController.swift; sourceTree = "<group>"; };
		96952C6C2527A0E000F202C8 /* StockToolzView.swift */ = {isa = PBXFileReference; lastKnownFileType = sourcecode.swift; path = StockToolzView.swift; sourceTree = "<group>"; };
		9E0054991DC28AE800C784AF /* YahooCSVCrawler.swift */ = {isa = PBXFileReference; fileEncoding = 4; lastKnownFileType = sourcecode.swift; path = YahooCSVCrawler.swift; sourceTree = "<group>"; };
		9E5A9A151DC7F1BC0062FD04 /* MovingAverageTrader.swift */ = {isa = PBXFileReference; fileEncoding = 4; lastKnownFileType = sourcecode.swift; path = MovingAverageTrader.swift; sourceTree = "<group>"; };
		9E5B730A1DC6248E00155AF1 /* StockExchangeDataInjector.swift */ = {isa = PBXFileReference; fileEncoding = 4; lastKnownFileType = sourcecode.swift; path = StockExchangeDataInjector.swift; sourceTree = "<group>"; };
		9E5B730C1DC629CF00155AF1 /* FocusedTimeRange.swift */ = {isa = PBXFileReference; fileEncoding = 4; lastKnownFileType = sourcecode.swift; path = FocusedTimeRange.swift; sourceTree = "<group>"; };
		9E5B730E1DC631D300155AF1 /* TradingTimeRange.swift */ = {isa = PBXFileReference; fileEncoding = 4; lastKnownFileType = sourcecode.swift; path = TradingTimeRange.swift; sourceTree = "<group>"; };
		9E6B49391DC56B60005A5848 /* LazyTrader.swift */ = {isa = PBXFileReference; fileEncoding = 4; lastKnownFileType = sourcecode.swift; path = LazyTrader.swift; sourceTree = "<group>"; };
		9E6B493B1DC56B90005A5848 /* StupidTrader.swift */ = {isa = PBXFileReference; fileEncoding = 4; lastKnownFileType = sourcecode.swift; path = StupidTrader.swift; sourceTree = "<group>"; };
		9E6EEF9E1DC20B3300C228D0 /* StockToolz.app */ = {isa = PBXFileReference; explicitFileType = wrapper.application; includeInIndex = 0; path = StockToolz.app; sourceTree = BUILT_PRODUCTS_DIR; };
		9E6EEFA31DC20B3300C228D0 /* Assets.xcassets */ = {isa = PBXFileReference; lastKnownFileType = folder.assetcatalog; path = Assets.xcassets; sourceTree = "<group>"; };
		9E6EEFA81DC20B3300C228D0 /* Info.plist */ = {isa = PBXFileReference; lastKnownFileType = text.plist.xml; path = Info.plist; sourceTree = "<group>"; };
		9E6EEFAD1DC20B3300C228D0 /* StockToolzTests.xctest */ = {isa = PBXFileReference; explicitFileType = wrapper.cfbundle; includeInIndex = 0; path = StockToolzTests.xctest; sourceTree = BUILT_PRODUCTS_DIR; };
		9E6EEFB11DC20B3300C228D0 /* StockToolzTests.swift */ = {isa = PBXFileReference; lastKnownFileType = sourcecode.swift; path = StockToolzTests.swift; sourceTree = "<group>"; };
		9E6EEFB31DC20B3300C228D0 /* Info.plist */ = {isa = PBXFileReference; lastKnownFileType = text.plist.xml; path = Info.plist; sourceTree = "<group>"; };
		9E6EEFBC1DC20BCE00C228D0 /* YahooCSVParser.swift */ = {isa = PBXFileReference; fileEncoding = 4; lastKnownFileType = sourcecode.swift; path = YahooCSVParser.swift; sourceTree = "<group>"; };
		9EEA20101DC4CDB1008EB358 /* ChartView.swift */ = {isa = PBXFileReference; fileEncoding = 4; lastKnownFileType = sourcecode.swift; path = ChartView.swift; sourceTree = "<group>"; };
		9EEA20121DC53A31008EB358 /* Trader.swift */ = {isa = PBXFileReference; fileEncoding = 4; lastKnownFileType = sourcecode.swift; path = Trader.swift; sourceTree = "<group>"; };
		9EEA20141DC53F0C008EB358 /* StockExchange.swift */ = {isa = PBXFileReference; fileEncoding = 4; lastKnownFileType = sourcecode.swift; path = StockExchange.swift; sourceTree = "<group>"; };
		9EEA20161DC55A18008EB358 /* Depot.swift */ = {isa = PBXFileReference; fileEncoding = 4; lastKnownFileType = sourcecode.swift; path = Depot.swift; sourceTree = "<group>"; };
		9EEA20181DC55D06008EB358 /* Statistics.swift */ = {isa = PBXFileReference; fileEncoding = 4; lastKnownFileType = sourcecode.swift; path = Statistics.swift; sourceTree = "<group>"; };
		9EEA201A1DC55E02008EB358 /* TraderPerformanceTest.swift */ = {isa = PBXFileReference; fileEncoding = 4; lastKnownFileType = sourcecode.swift; path = TraderPerformanceTest.swift; sourceTree = "<group>"; };
/* End PBXFileReference section */

/* Begin PBXFrameworksBuildPhase section */
		9E6EEF9B1DC20B3300C228D0 /* Frameworks */ = {
			isa = PBXFrameworksBuildPhase;
			buildActionMask = 2147483647;
			files = (
				9689CE2F252791BB00C7B2FA /* UIToolz in Frameworks */,
				9654886E2527893A00262C17 /* SwiftObserver in Frameworks */,
				963CBD8B25277BC500FF4916 /* GetLaid in Frameworks */,
				9679E62E25278B1B0071CE55 /* FoundationToolz in Frameworks */,
				96548867252785CF00262C17 /* SwiftyToolz in Frameworks */,
			);
			runOnlyForDeploymentPostprocessing = 0;
		};
		9E6EEFAA1DC20B3300C228D0 /* Frameworks */ = {
			isa = PBXFrameworksBuildPhase;
			buildActionMask = 2147483647;
			files = (
			);
			runOnlyForDeploymentPostprocessing = 0;
		};
/* End PBXFrameworksBuildPhase section */

/* Begin PBXGroup section */
		96952C782527A56E00F202C8 /* Code */ = {
			isa = PBXGroup;
			children = (
				96952C7A2527A58200F202C8 /* Main */,
				96952C7B2527A5AA00F202C8 /* Use Cases */,
				96952C7C2527A5C900F202C8 /* Domain */,
			);
			name = Code;
			path = ../Code;
			sourceTree = "<group>";
		};
		96952C7A2527A58200F202C8 /* Main */ = {
			isa = PBXGroup;
			children = (
				96952C6225279FD900F202C8 /* main.swift */,
				96952C662527A01000F202C8 /* StockToolzController.swift */,
				96952C6C2527A0E000F202C8 /* StockToolzView.swift */,
			);
			path = Main;
			sourceTree = "<group>";
		};
		96952C7B2527A5AA00F202C8 /* Use Cases */ = {
			isa = PBXGroup;
			children = (
				9EEA201A1DC55E02008EB358 /* TraderPerformanceTest.swift */,
				9E5A9A151DC7F1BC0062FD04 /* MovingAverageTrader.swift */,
				9E6B493B1DC56B90005A5848 /* StupidTrader.swift */,
				9E6B49391DC56B60005A5848 /* LazyTrader.swift */,
				9E5B730C1DC629CF00155AF1 /* FocusedTimeRange.swift */,
			);
			path = "Use Cases";
			sourceTree = "<group>";
		};
		96952C7C2527A5C900F202C8 /* Domain */ = {
			isa = PBXGroup;
			children = (
				96952C7D2527A5D700F202C8 /* System */,
				96952C7E2527A5E300F202C8 /* Model */,
			);
			path = Domain;
			sourceTree = "<group>";
		};
		96952C7D2527A5D700F202C8 /* System */ = {
			isa = PBXGroup;
			children = (
				9EEA20101DC4CDB1008EB358 /* ChartView.swift */,
				9E5B730A1DC6248E00155AF1 /* StockExchangeDataInjector.swift */,
				9E0054991DC28AE800C784AF /* YahooCSVCrawler.swift */,
				9E6EEFBC1DC20BCE00C228D0 /* YahooCSVParser.swift */,
			);
			path = System;
			sourceTree = "<group>";
		};
		96952C7E2527A5E300F202C8 /* Model */ = {
			isa = PBXGroup;
			children = (
				9EEA20121DC53A31008EB358 /* Trader.swift */,
				9EEA20181DC55D06008EB358 /* Statistics.swift */,
				9EEA20161DC55A18008EB358 /* Depot.swift */,
				9EEA20141DC53F0C008EB358 /* StockExchange.swift */,
				9E5B730E1DC631D300155AF1 /* TradingTimeRange.swift */,
			);
			path = Model;
			sourceTree = "<group>";
		};
		9E6EEF951DC20B3300C228D0 = {
			isa = PBXGroup;
			children = (
				96952C782527A56E00F202C8 /* Code */,
				9E6EEFA01DC20B3300C228D0 /* StockToolz */,
				9E6EEFB01DC20B3300C228D0 /* StockToolzTests */,
				9E6EEF9F1DC20B3300C228D0 /* Products */,
				E13E38135A9949921F004FAF /* Frameworks */,
			);
			sourceTree = "<group>";
		};
		9E6EEF9F1DC20B3300C228D0 /* Products */ = {
			isa = PBXGroup;
			children = (
				9E6EEF9E1DC20B3300C228D0 /* StockToolz.app */,
				9E6EEFAD1DC20B3300C228D0 /* StockToolzTests.xctest */,
			);
			name = Products;
			sourceTree = "<group>";
		};
		9E6EEFA01DC20B3300C228D0 /* StockToolz */ = {
			isa = PBXGroup;
			children = (
				9E6EEFA31DC20B3300C228D0 /* Assets.xcassets */,
				9E6EEFA81DC20B3300C228D0 /* Info.plist */,
			);
			path = StockToolz;
			sourceTree = "<group>";
		};
		9E6EEFB01DC20B3300C228D0 /* StockToolzTests */ = {
			isa = PBXGroup;
			children = (
				9E6EEFB11DC20B3300C228D0 /* StockToolzTests.swift */,
				9E6EEFB31DC20B3300C228D0 /* Info.plist */,
			);
			path = StockToolzTests;
			sourceTree = "<group>";
		};
		E13E38135A9949921F004FAF /* Frameworks */ = {
			isa = PBXGroup;
			children = (
			);
			name = Frameworks;
			sourceTree = "<group>";
		};
/* End PBXGroup section */

/* Begin PBXNativeTarget section */
		9E6EEF9D1DC20B3300C228D0 /* StockToolz */ = {
			isa = PBXNativeTarget;
			buildConfigurationList = 9E6EEFB61DC20B3300C228D0 /* Build configuration list for PBXNativeTarget "StockToolz" */;
			buildPhases = (
				9E6EEF9A1DC20B3300C228D0 /* Sources */,
				9E6EEF9B1DC20B3300C228D0 /* Frameworks */,
				9E6EEF9C1DC20B3300C228D0 /* Resources */,
			);
			buildRules = (
			);
			dependencies = (
			);
			name = StockToolz;
			packageProductDependencies = (
				963CBD8A25277BC500FF4916 /* GetLaid */,
				96548866252785CF00262C17 /* SwiftyToolz */,
				9654886D2527893A00262C17 /* SwiftObserver */,
				9679E62D25278B1B0071CE55 /* FoundationToolz */,
				9689CE2E252791BB00C7B2FA /* UIToolz */,
			);
			productName = StockToolz;
			productReference = 9E6EEF9E1DC20B3300C228D0 /* StockToolz.app */;
			productType = "com.apple.product-type.application";
		};
		9E6EEFAC1DC20B3300C228D0 /* StockToolzTests */ = {
			isa = PBXNativeTarget;
			buildConfigurationList = 9E6EEFB91DC20B3300C228D0 /* Build configuration list for PBXNativeTarget "StockToolzTests" */;
			buildPhases = (
				9E6EEFA91DC20B3300C228D0 /* Sources */,
				9E6EEFAA1DC20B3300C228D0 /* Frameworks */,
				9E6EEFAB1DC20B3300C228D0 /* Resources */,
			);
			buildRules = (
			);
			dependencies = (
				9E6EEFAF1DC20B3300C228D0 /* PBXTargetDependency */,
			);
			name = StockToolzTests;
			productName = StockToolzTests;
			productReference = 9E6EEFAD1DC20B3300C228D0 /* StockToolzTests.xctest */;
			productType = "com.apple.product-type.bundle.unit-test";
		};
/* End PBXNativeTarget section */

/* Begin PBXProject section */
		9E6EEF961DC20B3300C228D0 /* Project object */ = {
			isa = PBXProject;
			attributes = {
				LastSwiftUpdateCheck = 0800;
				LastUpgradeCheck = 1200;
				ORGANIZATIONNAME = Flowtoolz;
				TargetAttributes = {
					9E6EEF9D1DC20B3300C228D0 = {
						CreatedOnToolsVersion = 8.0;
						DevelopmentTeam = 8T3R57GCBV;
						ProvisioningStyle = Automatic;
					};
					9E6EEFAC1DC20B3300C228D0 = {
						CreatedOnToolsVersion = 8.0;
						DevelopmentTeam = 8T3R57GCBV;
						ProvisioningStyle = Automatic;
						TestTargetID = 9E6EEF9D1DC20B3300C228D0;
					};
				};
			};
			buildConfigurationList = 9E6EEF991DC20B3300C228D0 /* Build configuration list for PBXProject "StockToolz" */;
			compatibilityVersion = "Xcode 3.2";
			developmentRegion = English;
			hasScannedForEncodings = 0;
			knownRegions = (
				English,
				en,
				Base,
			);
			mainGroup = 9E6EEF951DC20B3300C228D0;
			packageReferences = (
				963CBD8925277BC500FF4916 /* XCRemoteSwiftPackageReference "GetLaid" */,
				96548865252785CF00262C17 /* XCRemoteSwiftPackageReference "SwiftyToolz" */,
				9654886C2527893A00262C17 /* XCRemoteSwiftPackageReference "SwiftObserver" */,
				9679E62C25278B1B0071CE55 /* XCRemoteSwiftPackageReference "FoundationToolz" */,
				9689CE2D252791BB00C7B2FA /* XCRemoteSwiftPackageReference "UIToolz" */,
			);
			productRefGroup = 9E6EEF9F1DC20B3300C228D0 /* Products */;
			projectDirPath = "";
			projectRoot = "";
			targets = (
				9E6EEF9D1DC20B3300C228D0 /* StockToolz */,
				9E6EEFAC1DC20B3300C228D0 /* StockToolzTests */,
			);
		};
/* End PBXProject section */

/* Begin PBXResourcesBuildPhase section */
		9E6EEF9C1DC20B3300C228D0 /* Resources */ = {
			isa = PBXResourcesBuildPhase;
			buildActionMask = 2147483647;
			files = (
				9E6EEFA41DC20B3300C228D0 /* Assets.xcassets in Resources */,
			);
			runOnlyForDeploymentPostprocessing = 0;
		};
		9E6EEFAB1DC20B3300C228D0 /* Resources */ = {
			isa = PBXResourcesBuildPhase;
			buildActionMask = 2147483647;
			files = (
			);
			runOnlyForDeploymentPostprocessing = 0;
		};
/* End PBXResourcesBuildPhase section */

/* Begin PBXSourcesBuildPhase section */
		9E6EEF9A1DC20B3300C228D0 /* Sources */ = {
			isa = PBXSourcesBuildPhase;
			buildActionMask = 2147483647;
			files = (
				96952C6D2527A0E000F202C8 /* StockToolzView.swift in Sources */,
				9E6EEFBD1DC20BCE00C228D0 /* YahooCSVParser.swift in Sources */,
				9E5B730B1DC6248E00155AF1 /* StockExchangeDataInjector.swift in Sources */,
				9E5B730F1DC631D300155AF1 /* TradingTimeRange.swift in Sources */,
				9EEA201B1DC55E02008EB358 /* TraderPerformanceTest.swift in Sources */,
				9EEA20131DC53A31008EB358 /* Trader.swift in Sources */,
				9EEA20171DC55A18008EB358 /* Depot.swift in Sources */,
				9E5B730D1DC629CF00155AF1 /* FocusedTimeRange.swift in Sources */,
				96952C672527A01000F202C8 /* StockToolzController.swift in Sources */,
				9E00549A1DC28AE800C784AF /* YahooCSVCrawler.swift in Sources */,
				9EEA20111DC4CDB1008EB358 /* ChartView.swift in Sources */,
				96952C6325279FD900F202C8 /* main.swift in Sources */,
				9E5A9A161DC7F1BC0062FD04 /* MovingAverageTrader.swift in Sources */,
				9EEA20151DC53F0C008EB358 /* StockExchange.swift in Sources */,
				9EEA20191DC55D06008EB358 /* Statistics.swift in Sources */,
				9E6B493C1DC56B90005A5848 /* StupidTrader.swift in Sources */,
				9E6B493A1DC56B60005A5848 /* LazyTrader.swift in Sources */,
			);
			runOnlyForDeploymentPostprocessing = 0;
		};
		9E6EEFA91DC20B3300C228D0 /* Sources */ = {
			isa = PBXSourcesBuildPhase;
			buildActionMask = 2147483647;
			files = (
				9E6EEFB21DC20B3300C228D0 /* StockToolzTests.swift in Sources */,
			);
			runOnlyForDeploymentPostprocessing = 0;
		};
/* End PBXSourcesBuildPhase section */

/* Begin PBXTargetDependency section */
		9E6EEFAF1DC20B3300C228D0 /* PBXTargetDependency */ = {
			isa = PBXTargetDependency;
			target = 9E6EEF9D1DC20B3300C228D0 /* StockToolz */;
			targetProxy = 9E6EEFAE1DC20B3300C228D0 /* PBXContainerItemProxy */;
		};
/* End PBXTargetDependency section */

/* Begin XCBuildConfiguration section */
		9E6EEFB41DC20B3300C228D0 /* Debug */ = {
			isa = XCBuildConfiguration;
			buildSettings = {
				ALWAYS_SEARCH_USER_PATHS = NO;
				CLANG_ANALYZER_LOCALIZABILITY_NONLOCALIZED = YES;
				CLANG_ANALYZER_NONNULL = YES;
				CLANG_CXX_LANGUAGE_STANDARD = "gnu++0x";
				CLANG_CXX_LIBRARY = "libc++";
				CLANG_ENABLE_MODULES = YES;
				CLANG_ENABLE_OBJC_ARC = YES;
				CLANG_WARN_BLOCK_CAPTURE_AUTORELEASING = YES;
				CLANG_WARN_BOOL_CONVERSION = YES;
				CLANG_WARN_COMMA = YES;
				CLANG_WARN_CONSTANT_CONVERSION = YES;
				CLANG_WARN_DEPRECATED_OBJC_IMPLEMENTATIONS = YES;
				CLANG_WARN_DIRECT_OBJC_ISA_USAGE = YES_ERROR;
				CLANG_WARN_DOCUMENTATION_COMMENTS = YES;
				CLANG_WARN_EMPTY_BODY = YES;
				CLANG_WARN_ENUM_CONVERSION = YES;
				CLANG_WARN_INFINITE_RECURSION = YES;
				CLANG_WARN_INT_CONVERSION = YES;
				CLANG_WARN_NON_LITERAL_NULL_CONVERSION = YES;
				CLANG_WARN_OBJC_IMPLICIT_RETAIN_SELF = YES;
				CLANG_WARN_OBJC_LITERAL_CONVERSION = YES;
				CLANG_WARN_OBJC_ROOT_CLASS = YES_ERROR;
				CLANG_WARN_QUOTED_INCLUDE_IN_FRAMEWORK_HEADER = YES;
				CLANG_WARN_RANGE_LOOP_ANALYSIS = YES;
				CLANG_WARN_STRICT_PROTOTYPES = YES;
				CLANG_WARN_SUSPICIOUS_MOVE = YES;
				CLANG_WARN_SUSPICIOUS_MOVES = YES;
				CLANG_WARN_UNREACHABLE_CODE = YES;
				CLANG_WARN__DUPLICATE_METHOD_MATCH = YES;
				CODE_SIGN_IDENTITY = "-";
				COPY_PHASE_STRIP = NO;
				DEBUG_INFORMATION_FORMAT = dwarf;
				ENABLE_STRICT_OBJC_MSGSEND = YES;
				ENABLE_TESTABILITY = YES;
				GCC_C_LANGUAGE_STANDARD = gnu99;
				GCC_DYNAMIC_NO_PIC = NO;
				GCC_NO_COMMON_BLOCKS = YES;
				GCC_OPTIMIZATION_LEVEL = 0;
				GCC_PREPROCESSOR_DEFINITIONS = (
					"DEBUG=1",
					"$(inherited)",
				);
				GCC_WARN_64_TO_32_BIT_CONVERSION = YES;
				GCC_WARN_ABOUT_RETURN_TYPE = YES_ERROR;
				GCC_WARN_UNDECLARED_SELECTOR = YES;
				GCC_WARN_UNINITIALIZED_AUTOS = YES_AGGRESSIVE;
				GCC_WARN_UNUSED_FUNCTION = YES;
				GCC_WARN_UNUSED_VARIABLE = YES;
				MACOSX_DEPLOYMENT_TARGET = 10.12;
				MTL_ENABLE_DEBUG_INFO = YES;
				ONLY_ACTIVE_ARCH = YES;
				SDKROOT = macosx;
				SWIFT_ACTIVE_COMPILATION_CONDITIONS = DEBUG;
				SWIFT_OPTIMIZATION_LEVEL = "-Onone";
				SWIFT_VERSION = 5.0;
			};
			name = Debug;
		};
		9E6EEFB51DC20B3300C228D0 /* Release */ = {
			isa = XCBuildConfiguration;
			buildSettings = {
				ALWAYS_SEARCH_USER_PATHS = NO;
				CLANG_ANALYZER_LOCALIZABILITY_NONLOCALIZED = YES;
				CLANG_ANALYZER_NONNULL = YES;
				CLANG_CXX_LANGUAGE_STANDARD = "gnu++0x";
				CLANG_CXX_LIBRARY = "libc++";
				CLANG_ENABLE_MODULES = YES;
				CLANG_ENABLE_OBJC_ARC = YES;
				CLANG_WARN_BLOCK_CAPTURE_AUTORELEASING = YES;
				CLANG_WARN_BOOL_CONVERSION = YES;
				CLANG_WARN_COMMA = YES;
				CLANG_WARN_CONSTANT_CONVERSION = YES;
				CLANG_WARN_DEPRECATED_OBJC_IMPLEMENTATIONS = YES;
				CLANG_WARN_DIRECT_OBJC_ISA_USAGE = YES_ERROR;
				CLANG_WARN_DOCUMENTATION_COMMENTS = YES;
				CLANG_WARN_EMPTY_BODY = YES;
				CLANG_WARN_ENUM_CONVERSION = YES;
				CLANG_WARN_INFINITE_RECURSION = YES;
				CLANG_WARN_INT_CONVERSION = YES;
				CLANG_WARN_NON_LITERAL_NULL_CONVERSION = YES;
				CLANG_WARN_OBJC_IMPLICIT_RETAIN_SELF = YES;
				CLANG_WARN_OBJC_LITERAL_CONVERSION = YES;
				CLANG_WARN_OBJC_ROOT_CLASS = YES_ERROR;
				CLANG_WARN_QUOTED_INCLUDE_IN_FRAMEWORK_HEADER = YES;
				CLANG_WARN_RANGE_LOOP_ANALYSIS = YES;
				CLANG_WARN_STRICT_PROTOTYPES = YES;
				CLANG_WARN_SUSPICIOUS_MOVE = YES;
				CLANG_WARN_SUSPICIOUS_MOVES = YES;
				CLANG_WARN_UNREACHABLE_CODE = YES;
				CLANG_WARN__DUPLICATE_METHOD_MATCH = YES;
				CODE_SIGN_IDENTITY = "-";
				COPY_PHASE_STRIP = NO;
				DEBUG_INFORMATION_FORMAT = "dwarf-with-dsym";
				ENABLE_NS_ASSERTIONS = NO;
				ENABLE_STRICT_OBJC_MSGSEND = YES;
				GCC_C_LANGUAGE_STANDARD = gnu99;
				GCC_NO_COMMON_BLOCKS = YES;
				GCC_WARN_64_TO_32_BIT_CONVERSION = YES;
				GCC_WARN_ABOUT_RETURN_TYPE = YES_ERROR;
				GCC_WARN_UNDECLARED_SELECTOR = YES;
				GCC_WARN_UNINITIALIZED_AUTOS = YES_AGGRESSIVE;
				GCC_WARN_UNUSED_FUNCTION = YES;
				GCC_WARN_UNUSED_VARIABLE = YES;
				MACOSX_DEPLOYMENT_TARGET = 10.12;
				MTL_ENABLE_DEBUG_INFO = NO;
				SDKROOT = macosx;
				SWIFT_COMPILATION_MODE = wholemodule;
				SWIFT_OPTIMIZATION_LEVEL = "-O";
				SWIFT_VERSION = 5.0;
			};
			name = Release;
		};
		9E6EEFB71DC20B3300C228D0 /* Debug */ = {
			isa = XCBuildConfiguration;
			buildSettings = {
				ASSETCATALOG_COMPILER_APPICON_NAME = AppIcon;
				CODE_SIGN_IDENTITY = "-";
				COMBINE_HIDPI_IMAGES = YES;
				DEVELOPMENT_TEAM = 8T3R57GCBV;
				INFOPLIST_FILE = StockToolz/Info.plist;
				LD_RUNPATH_SEARCH_PATHS = (
					"$(inherited)",
					"@executable_path/../Frameworks",
				);
				PRODUCT_BUNDLE_IDENTIFIER = com.flowtoolz.StockToolz;
				PRODUCT_NAME = "$(TARGET_NAME)";
				SWIFT_VERSION = 5.0;
			};
			name = Debug;
		};
		9E6EEFB81DC20B3300C228D0 /* Release */ = {
			isa = XCBuildConfiguration;
			buildSettings = {
				ASSETCATALOG_COMPILER_APPICON_NAME = AppIcon;
				CODE_SIGN_IDENTITY = "-";
				COMBINE_HIDPI_IMAGES = YES;
				DEVELOPMENT_TEAM = 8T3R57GCBV;
				INFOPLIST_FILE = StockToolz/Info.plist;
				LD_RUNPATH_SEARCH_PATHS = (
					"$(inherited)",
					"@executable_path/../Frameworks",
				);
				PRODUCT_BUNDLE_IDENTIFIER = com.flowtoolz.StockToolz;
				PRODUCT_NAME = "$(TARGET_NAME)";
				SWIFT_VERSION = 5.0;
			};
			name = Release;
		};
		9E6EEFBA1DC20B3300C228D0 /* Debug */ = {
			isa = XCBuildConfiguration;
			buildSettings = {
				ALWAYS_EMBED_SWIFT_STANDARD_LIBRARIES = YES;
				BUNDLE_LOADER = "$(TEST_HOST)";
				COMBINE_HIDPI_IMAGES = YES;
				DEVELOPMENT_TEAM = 8T3R57GCBV;
				INFOPLIST_FILE = StockToolzTests/Info.plist;
				LD_RUNPATH_SEARCH_PATHS = (
					"$(inherited)",
					"@executable_path/../Frameworks",
					"@loader_path/../Frameworks",
				);
				PRODUCT_BUNDLE_IDENTIFIER = com.flowtoolz.StockToolzTests;
				PRODUCT_NAME = "$(TARGET_NAME)";
				SWIFT_VERSION = 5.0;
				TEST_HOST = "$(BUILT_PRODUCTS_DIR)/StockToolz.app/Contents/MacOS/StockToolz";
			};
			name = Debug;
		};
		9E6EEFBB1DC20B3300C228D0 /* Release */ = {
			isa = XCBuildConfiguration;
			buildSettings = {
				ALWAYS_EMBED_SWIFT_STANDARD_LIBRARIES = YES;
				BUNDLE_LOADER = "$(TEST_HOST)";
				COMBINE_HIDPI_IMAGES = YES;
				DEVELOPMENT_TEAM = 8T3R57GCBV;
				INFOPLIST_FILE = StockToolzTests/Info.plist;
				LD_RUNPATH_SEARCH_PATHS = (
					"$(inherited)",
					"@executable_path/../Frameworks",
					"@loader_path/../Frameworks",
				);
				PRODUCT_BUNDLE_IDENTIFIER = com.flowtoolz.StockToolzTests;
				PRODUCT_NAME = "$(TARGET_NAME)";
				SWIFT_VERSION = 5.0;
				TEST_HOST = "$(BUILT_PRODUCTS_DIR)/StockToolz.app/Contents/MacOS/StockToolz";
			};
			name = Release;
		};
/* End XCBuildConfiguration section */

/* Begin XCConfigurationList section */
		9E6EEF991DC20B3300C228D0 /* Build configuration list for PBXProject "StockToolz" */ = {
			isa = XCConfigurationList;
			buildConfigurations = (
				9E6EEFB41DC20B3300C228D0 /* Debug */,
				9E6EEFB51DC20B3300C228D0 /* Release */,
			);
			defaultConfigurationIsVisible = 0;
			defaultConfigurationName = Release;
		};
		9E6EEFB61DC20B3300C228D0 /* Build configuration list for PBXNativeTarget "StockToolz" */ = {
			isa = XCConfigurationList;
			buildConfigurations = (
				9E6EEFB71DC20B3300C228D0 /* Debug */,
				9E6EEFB81DC20B3300C228D0 /* Release */,
			);
			defaultConfigurationIsVisible = 0;
			defaultConfigurationName = Release;
		};
		9E6EEFB91DC20B3300C228D0 /* Build configuration list for PBXNativeTarget "StockToolzTests" */ = {
			isa = XCConfigurationList;
			buildConfigurations = (
				9E6EEFBA1DC20B3300C228D0 /* Debug */,
				9E6EEFBB1DC20B3300C228D0 /* Release */,
			);
			defaultConfigurationIsVisible = 0;
			defaultConfigurationName = Release;
		};
/* End XCConfigurationList section */

/* Begin XCRemoteSwiftPackageReference section */
		963CBD8925277BC500FF4916 /* XCRemoteSwiftPackageReference "GetLaid" */ = {
			isa = XCRemoteSwiftPackageReference;
			repositoryURL = "https://github.com/flowtoolz/GetLaid.git";
			requirement = {
				branch = master;
				kind = branch;
			};
		};
		96548865252785CF00262C17 /* XCRemoteSwiftPackageReference "SwiftyToolz" */ = {
			isa = XCRemoteSwiftPackageReference;
			repositoryURL = "https://github.com/flowtoolz/SwiftyToolz.git";
			requirement = {
				branch = master;
				kind = branch;
			};
		};
		9654886C2527893A00262C17 /* XCRemoteSwiftPackageReference "SwiftObserver" */ = {
			isa = XCRemoteSwiftPackageReference;
			repositoryURL = "https://github.com/flowtoolz/SwiftObserver.git";
			requirement = {
				branch = master;
				kind = branch;
			};
		};
		9679E62C25278B1B0071CE55 /* XCRemoteSwiftPackageReference "FoundationToolz" */ = {
			isa = XCRemoteSwiftPackageReference;
			repositoryURL = "https://github.com/flowtoolz/FoundationToolz";
			requirement = {
				branch = master;
				kind = branch;
			};
		};
		9689CE2D252791BB00C7B2FA /* XCRemoteSwiftPackageReference "UIToolz" */ = {
			isa = XCRemoteSwiftPackageReference;
			repositoryURL = "https://github.com/flowtoolz/UIToolz";
			requirement = {
				branch = master;
				kind = branch;
			};
		};
/* End XCRemoteSwiftPackageReference section */

/* Begin XCSwiftPackageProductDependency section */
		963CBD8A25277BC500FF4916 /* GetLaid */ = {
			isa = XCSwiftPackageProductDependency;
			package = 963CBD8925277BC500FF4916 /* XCRemoteSwiftPackageReference "GetLaid" */;
			productName = GetLaid;
		};
		96548866252785CF00262C17 /* SwiftyToolz */ = {
			isa = XCSwiftPackageProductDependency;
			package = 96548865252785CF00262C17 /* XCRemoteSwiftPackageReference "SwiftyToolz" */;
			productName = SwiftyToolz;
		};
		9654886D2527893A00262C17 /* SwiftObserver */ = {
			isa = XCSwiftPackageProductDependency;
			package = 9654886C2527893A00262C17 /* XCRemoteSwiftPackageReference "SwiftObserver" */;
			productName = SwiftObserver;
		};
		9679E62D25278B1B0071CE55 /* FoundationToolz */ = {
			isa = XCSwiftPackageProductDependency;
			package = 9679E62C25278B1B0071CE55 /* XCRemoteSwiftPackageReference "FoundationToolz" */;
			productName = FoundationToolz;
		};
		9689CE2E252791BB00C7B2FA /* UIToolz */ = {
			isa = XCSwiftPackageProductDependency;
			package = 9689CE2D252791BB00C7B2FA /* XCRemoteSwiftPackageReference "UIToolz" */;
			productName = UIToolz;
		};
/* End XCSwiftPackageProductDependency section */
	};
	rootObject = 9E6EEF961DC20B3300C228D0 /* Project object */;
}
