{
  "object": {
    "pins": [
      {
        "package": "GetLaid",
        "repositoryURL": "https://github.com/flowtoolz/GetLaid.git",
        "state": {
          "branch": "master",
          "revision": "0a68303fcead0d8db1bf404e8b8bd141751495fb",
          "version": null
        }
      },
      {
        "package": "SwiftObserver",
        "repositoryURL": "https://github.com/flowtoolz/SwiftObserver.git",
        "state": {
          "branch": "master",
          "revision": "9ddfddd69b49315188d9d21f35b33cd997c0b992",
          "version": null
        }
      },
      {
        "package": "SwiftyToolz",
        "repositoryURL": "https://github.com/flowtoolz/SwiftyToolz.git",
        "state": {
          "branch": "master",
          "revision": "d52664f70d7514a97ba99fa3e50ca060a5915768",
          "version": null
        }
      }
    ]
  },
  "version": 1
}
